
Microsoft Visual Studio Solution File, Format Version 12.00
# Visual Studio Version 16
VisualStudioVersion = 16.0.34031.81
MinimumVisualStudioVersion = 10.0.40219.1
Project("{FAE04EC0-301F-11D3-BF4B-00C04F79EFBC}") = "WindowsUI", "WindowsUI\WindowsUI.csproj", "{7CD5C5EE-EF92-4752-B805-CBB9C9CEB360}"
EndProject
Project("{FAE04EC0-301F-11D3-BF4B-00C04F79EFBC}") = "ClassLibrary", "ClassLibrary\ClassLibrary.csproj", "{7A806518-A7AD-46C4-BF2E-E93B8121FB18}"
EndProject
Global
	GlobalSection(SolutionConfigurationPlatforms) = preSolution
		Debug|Any CPU = Debug|Any CPU
		Release|Any CPU = Release|Any CPU
	EndGlobalSection
	GlobalSection(ProjectConfigurationPlatforms) = postSolution
		{7CD5C5EE-EF92-4752-B805-CBB9C9CEB360}.Debug|Any CPU.ActiveCfg = Debug|Any CPU
		{7CD5C5EE-EF92-4752-B805-CBB9C9CEB360}.Debug|Any CPU.Build.0 = Debug|Any CPU
		{7CD5C5EE-EF92-4752-B805-CBB9C9CEB360}.Release|Any CPU.ActiveCfg = Release|Any CPU
		{7CD5C5EE-EF92-4752-B805-CBB9C9CEB360}.Release|Any CPU.Build.0 = Release|Any CPU
		{7A806518-A7AD-46C4-BF2E-E93B8121FB18}.Debug|Any CPU.ActiveCfg = Debug|Any CPU
		{7A806518-A7AD-46C4-BF2E-E93B8121FB18}.Debug|Any CPU.Build.0 = Debug|Any CPU
		{7A806518-A7AD-46C4-BF2E-E93B8121FB18}.Release|Any CPU.ActiveCfg = Release|Any CPU
		{7A806518-A7AD-46C4-BF2E-E93B8121FB18}.Release|Any CPU.Build.0 = Release|Any CPU
	EndGlobalSection
	GlobalSection(SolutionProperties) = preSolution
		HideSolutionNode = FALSE
	EndGlobalSection
	GlobalSection(ExtensibilityGlobals) = postSolution
		SolutionGuid = {BBCB7839-B9DF-4BB5-B577-63C4450FE9CC}
	EndGlobalSection
EndGlobal
